
Microsoft Visual Studio Solution File, Format Version 11.00
# Visual Studio 2010
Project("{FAE04EC0-301F-11D3-BF4B-00C04F79EFBC}") = "Assembly-CSharp-Editor", "Assembly-CSharp-Editor.csproj", "{2520be2d-5fd6-97c8-bdc2-7aa6cc2985cf}"
EndProject
Project("{FAE04EC0-301F-11D3-BF4B-00C04F79EFBC}") = "Assembly-CSharp", "Assembly-CSharp.csproj", "{c2ef5fc1-ee31-b27e-641d-d84fbbe8162e}"
EndProject
Global
	GlobalSection(SolutionConfigurationPlatforms) = preSolution
		Debug|Any CPU = Debug|Any CPU
	EndGlobalSection
	GlobalSection(ProjectConfigurationPlatforms) = postSolution
		{2520be2d-5fd6-97c8-bdc2-7aa6cc2985cf}.Debug|Any CPU.ActiveCfg = Debug|Any CPU
		{2520be2d-5fd6-97c8-bdc2-7aa6cc2985cf}.Debug|Any CPU.Build.0 = Debug|Any CPU
		{c2ef5fc1-ee31-b27e-641d-d84fbbe8162e}.Debug|Any CPU.ActiveCfg = Debug|Any CPU
		{c2ef5fc1-ee31-b27e-641d-d84fbbe8162e}.Debug|Any CPU.Build.0 = Debug|Any CPU
	EndGlobalSection
	GlobalSection(SolutionProperties) = preSolution
		HideSolutionNode = FALSE
	EndGlobalSection
EndGlobal
